// !$*UTF8*$!
{
	archiveVersion = 1;
	classes = {
	};
	objectVersion = 56;
	objects = {

/* Begin PBXBuildFile section */
		C1217ECA2A821F5F005C4868 /* DatePickerViewModel.swift in Sources */ = {isa = PBXBuildFile; fileRef = C1217EC92A821F5F005C4868 /* DatePickerViewModel.swift */; };
		C1217ECD2A8C52D8005C4868 /* LoadingWebView.swift in Sources */ = {isa = PBXBuildFile; fileRef = C1217ECC2A8C52D8005C4868 /* LoadingWebView.swift */; };
		C1217ECF2A8C5678005C4868 /* LoadingWebViewModel.swift in Sources */ = {isa = PBXBuildFile; fileRef = C1217ECE2A8C5678005C4868 /* LoadingWebViewModel.swift */; };
		C12630AC2A471D0200F98E2A /* Review.swift in Sources */ = {isa = PBXBuildFile; fileRef = C12630AB2A471D0200F98E2A /* Review.swift */; };
		C12630B02A48B75600F98E2A /* PosterViewModel.swift in Sources */ = {isa = PBXBuildFile; fileRef = C12630AF2A48B75600F98E2A /* PosterViewModel.swift */; };
		C157600E2AEAEA590089FFE5 /* TimeTableModalModel.swift in Sources */ = {isa = PBXBuildFile; fileRef = C157600D2AEAEA590089FFE5 /* TimeTableModalModel.swift */; };
		C15760122AED75D00089FFE5 /* SplashView.swift in Sources */ = {isa = PBXBuildFile; fileRef = C15760112AED75D00089FFE5 /* SplashView.swift */; };
		C15CABBF2B528957009A35B3 /* WidgetKit.framework in Frameworks */ = {isa = PBXBuildFile; fileRef = C15CABBE2B528957009A35B3 /* WidgetKit.framework */; };
		C15CABC12B528957009A35B3 /* SwiftUI.framework in Frameworks */ = {isa = PBXBuildFile; fileRef = C15CABC02B528957009A35B3 /* SwiftUI.framework */; };
		C15CABC42B528957009A35B3 /* TimetableWidgetBundle.swift in Sources */ = {isa = PBXBuildFile; fileRef = C15CABC32B528957009A35B3 /* TimetableWidgetBundle.swift */; };
		C15CABC62B528957009A35B3 /* TimetableWidget.swift in Sources */ = {isa = PBXBuildFile; fileRef = C15CABC52B528957009A35B3 /* TimetableWidget.swift */; };
		C15CABC82B528958009A35B3 /* Assets.xcassets in Resources */ = {isa = PBXBuildFile; fileRef = C15CABC72B528958009A35B3 /* Assets.xcassets */; };
		C15CABCC2B528958009A35B3 /* TimetableWidgetExtension.appex in Embed Foundation Extensions */ = {isa = PBXBuildFile; fileRef = C15CABBD2B528957009A35B3 /* TimetableWidgetExtension.appex */; settings = {ATTRIBUTES = (RemoveHeadersOnCopy, ); }; };
		C186D1312A5560570063E6CE /* MoviePickerViewModel.swift in Sources */ = {isa = PBXBuildFile; fileRef = C186D1302A5560570063E6CE /* MoviePickerViewModel.swift */; };
		C19604222B0656D000432FC0 /* Constants.swift in Sources */ = {isa = PBXBuildFile; fileRef = C19604212B0656D000432FC0 /* Constants.swift */; };
		C19AFB002AE6AA410037A5F5 /* TimeTableModal.swift in Sources */ = {isa = PBXBuildFile; fileRef = C19AFAFF2AE6AA410037A5F5 /* TimeTableModal.swift */; };
		C19AFB0C2AE6B0EA0037A5F5 /* Pretendard-ExtraLight.otf in Resources */ = {isa = PBXBuildFile; fileRef = C19AFB032AE6B0E90037A5F5 /* Pretendard-ExtraLight.otf */; };
		C19AFB0D2AE6B0EA0037A5F5 /* Pretendard-Black.otf in Resources */ = {isa = PBXBuildFile; fileRef = C19AFB042AE6B0E90037A5F5 /* Pretendard-Black.otf */; };
		C19AFB0E2AE6B0EA0037A5F5 /* Pretendard-SemiBold.otf in Resources */ = {isa = PBXBuildFile; fileRef = C19AFB052AE6B0E90037A5F5 /* Pretendard-SemiBold.otf */; };
		C19AFB0F2AE6B0EA0037A5F5 /* Pretendard-Medium.otf in Resources */ = {isa = PBXBuildFile; fileRef = C19AFB062AE6B0E90037A5F5 /* Pretendard-Medium.otf */; };
		C19AFB102AE6B0EA0037A5F5 /* Pretendard-Thin.otf in Resources */ = {isa = PBXBuildFile; fileRef = C19AFB072AE6B0EA0037A5F5 /* Pretendard-Thin.otf */; };
		C19AFB112AE6B0EA0037A5F5 /* Pretendard-ExtraBold.otf in Resources */ = {isa = PBXBuildFile; fileRef = C19AFB082AE6B0EA0037A5F5 /* Pretendard-ExtraBold.otf */; };
		C19AFB122AE6B0EA0037A5F5 /* Pretendard-Bold.otf in Resources */ = {isa = PBXBuildFile; fileRef = C19AFB092AE6B0EA0037A5F5 /* Pretendard-Bold.otf */; };
		C19AFB132AE6B0EA0037A5F5 /* Pretendard-Regular.otf in Resources */ = {isa = PBXBuildFile; fileRef = C19AFB0A2AE6B0EA0037A5F5 /* Pretendard-Regular.otf */; };
		C19AFB142AE6B0EA0037A5F5 /* Pretendard-Light.otf in Resources */ = {isa = PBXBuildFile; fileRef = C19AFB0B2AE6B0EA0037A5F5 /* Pretendard-Light.otf */; };
		C19AFB162AE6B0FB0037A5F5 /* FontsManager.swift in Sources */ = {isa = PBXBuildFile; fileRef = C19AFB152AE6B0FB0037A5F5 /* FontsManager.swift */; };
		C1B130932AA0F20F00D39345 /* DailyReviewViewModel.swift in Sources */ = {isa = PBXBuildFile; fileRef = C1B130922AA0F20F00D39345 /* DailyReviewViewModel.swift */; };
		C1B7F7832A497294001F1BF9 /* MoviePickerView.swift in Sources */ = {isa = PBXBuildFile; fileRef = C1BED6892A3C3CEA007B6A5C /* MoviePickerView.swift */; };
		C1B7F7842A497299001F1BF9 /* PosterView.swift in Sources */ = {isa = PBXBuildFile; fileRef = C1BED6972A3E268C007B6A5C /* PosterView.swift */; };
		C1B7F7852A4972B5001F1BF9 /* Color+Extension.swift in Sources */ = {isa = PBXBuildFile; fileRef = C1BED6872A3C2741007B6A5C /* Color+Extension.swift */; };
		C1B7F7862A4972B7001F1BF9 /* Shape+Extension.swift in Sources */ = {isa = PBXBuildFile; fileRef = C1BED68F2A3D835A007B6A5C /* Shape+Extension.swift */; };
		C1B7F7982A4D6D93001F1BF9 /* TheaterView.swift in Sources */ = {isa = PBXBuildFile; fileRef = C1B7F7972A4D6D93001F1BF9 /* TheaterView.swift */; };
		C1B7F79C2A4EE1B4001F1BF9 /* TheaterManager.swift in Sources */ = {isa = PBXBuildFile; fileRef = C1B7F79B2A4EE1B4001F1BF9 /* TheaterManager.swift */; };
		C1B7F79E2A4EF1F4001F1BF9 /* TheaterVO.swift in Sources */ = {isa = PBXBuildFile; fileRef = C1B7F79D2A4EF1F4001F1BF9 /* TheaterVO.swift */; };
		C1BED6732A3AF699007B6A5C /* Indieplus_PohangApp.swift in Sources */ = {isa = PBXBuildFile; fileRef = C1BED6722A3AF699007B6A5C /* Indieplus_PohangApp.swift */; };
		C1BED6752A3AF699007B6A5C /* ContentView.swift in Sources */ = {isa = PBXBuildFile; fileRef = C1BED6742A3AF699007B6A5C /* ContentView.swift */; };
		C1BED6772A3AF69A007B6A5C /* Assets.xcassets in Resources */ = {isa = PBXBuildFile; fileRef = C1BED6762A3AF69A007B6A5C /* Assets.xcassets */; };
		C1BED67A2A3AF69A007B6A5C /* Preview Assets.xcassets in Resources */ = {isa = PBXBuildFile; fileRef = C1BED6792A3AF69A007B6A5C /* Preview Assets.xcassets */; };
		C1BED6852A3AFD93007B6A5C /* MainView.swift in Sources */ = {isa = PBXBuildFile; fileRef = C1BED6842A3AFD93007B6A5C /* MainView.swift */; };
		C1BED68C2A3CC663007B6A5C /* DailyReviewView.swift in Sources */ = {isa = PBXBuildFile; fileRef = C1BED68B2A3CC663007B6A5C /* DailyReviewView.swift */; };
		C1BED68E2A3D8209007B6A5C /* FastTicketingView.swift in Sources */ = {isa = PBXBuildFile; fileRef = C1BED68D2A3D8209007B6A5C /* FastTicketingView.swift */; };
		C1BED6922A3DCBB1007B6A5C /* BottomBarView.swift in Sources */ = {isa = PBXBuildFile; fileRef = C1BED6912A3DCBB1007B6A5C /* BottomBarView.swift */; };
		C1BED6962A3E2651007B6A5C /* DatePickerView.swift in Sources */ = {isa = PBXBuildFile; fileRef = C1BED6952A3E2651007B6A5C /* DatePickerView.swift */; };
		FFB88FA0CBDFF01ABAF394E3 /* Pods_Indieplus_Pohang.framework in Frameworks */ = {isa = PBXBuildFile; fileRef = F6D797F750EC5C4B499D4F1E /* Pods_Indieplus_Pohang.framework */; };
/* End PBXBuildFile section */

/* Begin PBXContainerItemProxy section */
		C15CABCA2B528958009A35B3 /* PBXContainerItemProxy */ = {
			isa = PBXContainerItemProxy;
			containerPortal = C1BED6672A3AF699007B6A5C /* Project object */;
			proxyType = 1;
			remoteGlobalIDString = C15CABBC2B528957009A35B3;
			remoteInfo = TimetableWidgetExtension;
		};
/* End PBXContainerItemProxy section */

/* Begin PBXCopyFilesBuildPhase section */
		C15CABCD2B528958009A35B3 /* Embed Foundation Extensions */ = {
			isa = PBXCopyFilesBuildPhase;
			buildActionMask = 2147483647;
			dstPath = "";
			dstSubfolderSpec = 13;
			files = (
				C15CABCC2B528958009A35B3 /* TimetableWidgetExtension.appex in Embed Foundation Extensions */,
			);
			name = "Embed Foundation Extensions";
			runOnlyForDeploymentPostprocessing = 0;
		};
/* End PBXCopyFilesBuildPhase section */

/* Begin PBXFileReference section */
		2F319E6930E28FB7A798DD6C /* Pods-Indieplus_Pohang.debug.xcconfig */ = {isa = PBXFileReference; includeInIndex = 1; lastKnownFileType = text.xcconfig; name = "Pods-Indieplus_Pohang.debug.xcconfig"; path = "Target Support Files/Pods-Indieplus_Pohang/Pods-Indieplus_Pohang.debug.xcconfig"; sourceTree = "<group>"; };
		463E30FBC69F18F89F9B9DBD /* Pods-Indieplus_Pohang.release.xcconfig */ = {isa = PBXFileReference; includeInIndex = 1; lastKnownFileType = text.xcconfig; name = "Pods-Indieplus_Pohang.release.xcconfig"; path = "Target Support Files/Pods-Indieplus_Pohang/Pods-Indieplus_Pohang.release.xcconfig"; sourceTree = "<group>"; };
		C1217EC92A821F5F005C4868 /* DatePickerViewModel.swift */ = {isa = PBXFileReference; lastKnownFileType = sourcecode.swift; path = DatePickerViewModel.swift; sourceTree = "<group>"; };
		C1217ECB2A8C52A6005C4868 /* Indieplus-Pohang-Info.plist */ = {isa = PBXFileReference; lastKnownFileType = text.plist; path = "Indieplus-Pohang-Info.plist"; sourceTree = SOURCE_ROOT; };
		C1217ECC2A8C52D8005C4868 /* LoadingWebView.swift */ = {isa = PBXFileReference; lastKnownFileType = sourcecode.swift; path = LoadingWebView.swift; sourceTree = "<group>"; };
		C1217ECE2A8C5678005C4868 /* LoadingWebViewModel.swift */ = {isa = PBXFileReference; lastKnownFileType = sourcecode.swift; path = LoadingWebViewModel.swift; sourceTree = "<group>"; };
		C12630AB2A471D0200F98E2A /* Review.swift */ = {isa = PBXFileReference; lastKnownFileType = sourcecode.swift; name = Review.swift; path = Indieplus_Pohang/View/Review.swift; sourceTree = SOURCE_ROOT; };
		C12630AF2A48B75600F98E2A /* PosterViewModel.swift */ = {isa = PBXFileReference; lastKnownFileType = sourcecode.swift; path = PosterViewModel.swift; sourceTree = "<group>"; };
		C157600D2AEAEA590089FFE5 /* TimeTableModalModel.swift */ = {isa = PBXFileReference; lastKnownFileType = sourcecode.swift; path = TimeTableModalModel.swift; sourceTree = "<group>"; tabWidth = 3; };
		C15760112AED75D00089FFE5 /* SplashView.swift */ = {isa = PBXFileReference; lastKnownFileType = sourcecode.swift; path = SplashView.swift; sourceTree = "<group>"; };
		C15CABBD2B528957009A35B3 /* TimetableWidgetExtension.appex */ = {isa = PBXFileReference; explicitFileType = "wrapper.app-extension"; includeInIndex = 0; path = TimetableWidgetExtension.appex; sourceTree = BUILT_PRODUCTS_DIR; };
		C15CABBE2B528957009A35B3 /* WidgetKit.framework */ = {isa = PBXFileReference; lastKnownFileType = wrapper.framework; name = WidgetKit.framework; path = System/Library/Frameworks/WidgetKit.framework; sourceTree = SDKROOT; };
		C15CABC02B528957009A35B3 /* SwiftUI.framework */ = {isa = PBXFileReference; lastKnownFileType = wrapper.framework; name = SwiftUI.framework; path = System/Library/Frameworks/SwiftUI.framework; sourceTree = SDKROOT; };
		C15CABC32B528957009A35B3 /* TimetableWidgetBundle.swift */ = {isa = PBXFileReference; lastKnownFileType = sourcecode.swift; path = TimetableWidgetBundle.swift; sourceTree = "<group>"; };
		C15CABC52B528957009A35B3 /* TimetableWidget.swift */ = {isa = PBXFileReference; lastKnownFileType = sourcecode.swift; path = TimetableWidget.swift; sourceTree = "<group>"; };
		C15CABC72B528958009A35B3 /* Assets.xcassets */ = {isa = PBXFileReference; lastKnownFileType = folder.assetcatalog; path = Assets.xcassets; sourceTree = "<group>"; };
		C15CABC92B528958009A35B3 /* Info.plist */ = {isa = PBXFileReference; lastKnownFileType = text.plist.xml; path = Info.plist; sourceTree = "<group>"; };
		C186D1302A5560570063E6CE /* MoviePickerViewModel.swift */ = {isa = PBXFileReference; lastKnownFileType = sourcecode.swift; path = MoviePickerViewModel.swift; sourceTree = "<group>"; };
		C19604212B0656D000432FC0 /* Constants.swift */ = {isa = PBXFileReference; lastKnownFileType = sourcecode.swift; path = Constants.swift; sourceTree = "<group>"; };
		C19AFAFF2AE6AA410037A5F5 /* TimeTableModal.swift */ = {isa = PBXFileReference; lastKnownFileType = sourcecode.swift; path = TimeTableModal.swift; sourceTree = "<group>"; };
		C19AFB032AE6B0E90037A5F5 /* Pretendard-ExtraLight.otf */ = {isa = PBXFileReference; lastKnownFileType = file; path = "Pretendard-ExtraLight.otf"; sourceTree = "<group>"; };
		C19AFB042AE6B0E90037A5F5 /* Pretendard-Black.otf */ = {isa = PBXFileReference; lastKnownFileType = file; path = "Pretendard-Black.otf"; sourceTree = "<group>"; };
		C19AFB052AE6B0E90037A5F5 /* Pretendard-SemiBold.otf */ = {isa = PBXFileReference; lastKnownFileType = file; path = "Pretendard-SemiBold.otf"; sourceTree = "<group>"; };
		C19AFB062AE6B0E90037A5F5 /* Pretendard-Medium.otf */ = {isa = PBXFileReference; lastKnownFileType = file; path = "Pretendard-Medium.otf"; sourceTree = "<group>"; };
		C19AFB072AE6B0EA0037A5F5 /* Pretendard-Thin.otf */ = {isa = PBXFileReference; lastKnownFileType = file; path = "Pretendard-Thin.otf"; sourceTree = "<group>"; };
		C19AFB082AE6B0EA0037A5F5 /* Pretendard-ExtraBold.otf */ = {isa = PBXFileReference; lastKnownFileType = file; path = "Pretendard-ExtraBold.otf"; sourceTree = "<group>"; };
		C19AFB092AE6B0EA0037A5F5 /* Pretendard-Bold.otf */ = {isa = PBXFileReference; lastKnownFileType = file; path = "Pretendard-Bold.otf"; sourceTree = "<group>"; };
		C19AFB0A2AE6B0EA0037A5F5 /* Pretendard-Regular.otf */ = {isa = PBXFileReference; lastKnownFileType = file; path = "Pretendard-Regular.otf"; sourceTree = "<group>"; };
		C19AFB0B2AE6B0EA0037A5F5 /* Pretendard-Light.otf */ = {isa = PBXFileReference; lastKnownFileType = file; path = "Pretendard-Light.otf"; sourceTree = "<group>"; };
		C19AFB152AE6B0FB0037A5F5 /* FontsManager.swift */ = {isa = PBXFileReference; lastKnownFileType = sourcecode.swift; path = FontsManager.swift; sourceTree = "<group>"; };
		C1B130922AA0F20F00D39345 /* DailyReviewViewModel.swift */ = {isa = PBXFileReference; lastKnownFileType = sourcecode.swift; path = DailyReviewViewModel.swift; sourceTree = "<group>"; };
		C1B7F7972A4D6D93001F1BF9 /* TheaterView.swift */ = {isa = PBXFileReference; lastKnownFileType = sourcecode.swift; path = TheaterView.swift; sourceTree = "<group>"; };
		C1B7F79B2A4EE1B4001F1BF9 /* TheaterManager.swift */ = {isa = PBXFileReference; lastKnownFileType = sourcecode.swift; path = TheaterManager.swift; sourceTree = "<group>"; };
		C1B7F79D2A4EF1F4001F1BF9 /* TheaterVO.swift */ = {isa = PBXFileReference; lastKnownFileType = sourcecode.swift; path = TheaterVO.swift; sourceTree = "<group>"; };
		C1BED66F2A3AF699007B6A5C /* Indieplus_Pohang.app */ = {isa = PBXFileReference; explicitFileType = wrapper.application; includeInIndex = 0; path = Indieplus_Pohang.app; sourceTree = BUILT_PRODUCTS_DIR; };
		C1BED6722A3AF699007B6A5C /* Indieplus_PohangApp.swift */ = {isa = PBXFileReference; lastKnownFileType = sourcecode.swift; path = Indieplus_PohangApp.swift; sourceTree = "<group>"; };
		C1BED6742A3AF699007B6A5C /* ContentView.swift */ = {isa = PBXFileReference; lastKnownFileType = sourcecode.swift; path = ContentView.swift; sourceTree = "<group>"; };
		C1BED6762A3AF69A007B6A5C /* Assets.xcassets */ = {isa = PBXFileReference; lastKnownFileType = folder.assetcatalog; path = Assets.xcassets; sourceTree = "<group>"; };
		C1BED6792A3AF69A007B6A5C /* Preview Assets.xcassets */ = {isa = PBXFileReference; lastKnownFileType = folder.assetcatalog; path = "Preview Assets.xcassets"; sourceTree = "<group>"; };
		C1BED6842A3AFD93007B6A5C /* MainView.swift */ = {isa = PBXFileReference; lastKnownFileType = sourcecode.swift; path = MainView.swift; sourceTree = "<group>"; };
		C1BED6872A3C2741007B6A5C /* Color+Extension.swift */ = {isa = PBXFileReference; lastKnownFileType = sourcecode.swift; path = "Color+Extension.swift"; sourceTree = "<group>"; };
		C1BED6892A3C3CEA007B6A5C /* MoviePickerView.swift */ = {isa = PBXFileReference; lastKnownFileType = sourcecode.swift; path = MoviePickerView.swift; sourceTree = "<group>"; };
		C1BED68B2A3CC663007B6A5C /* DailyReviewView.swift */ = {isa = PBXFileReference; lastKnownFileType = sourcecode.swift; path = DailyReviewView.swift; sourceTree = "<group>"; };
		C1BED68D2A3D8209007B6A5C /* FastTicketingView.swift */ = {isa = PBXFileReference; lastKnownFileType = sourcecode.swift; path = FastTicketingView.swift; sourceTree = "<group>"; };
		C1BED68F2A3D835A007B6A5C /* Shape+Extension.swift */ = {isa = PBXFileReference; lastKnownFileType = sourcecode.swift; path = "Shape+Extension.swift"; sourceTree = "<group>"; };
		C1BED6912A3DCBB1007B6A5C /* BottomBarView.swift */ = {isa = PBXFileReference; lastKnownFileType = sourcecode.swift; path = BottomBarView.swift; sourceTree = "<group>"; };
		C1BED6952A3E2651007B6A5C /* DatePickerView.swift */ = {isa = PBXFileReference; lastKnownFileType = sourcecode.swift; path = DatePickerView.swift; sourceTree = "<group>"; };
		C1BED6972A3E268C007B6A5C /* PosterView.swift */ = {isa = PBXFileReference; lastKnownFileType = sourcecode.swift; path = PosterView.swift; sourceTree = "<group>"; };
		F6D797F750EC5C4B499D4F1E /* Pods_Indieplus_Pohang.framework */ = {isa = PBXFileReference; explicitFileType = wrapper.framework; includeInIndex = 0; path = Pods_Indieplus_Pohang.framework; sourceTree = BUILT_PRODUCTS_DIR; };
/* End PBXFileReference section */

/* Begin PBXFrameworksBuildPhase section */
		C15CABBA2B528957009A35B3 /* Frameworks */ = {
			isa = PBXFrameworksBuildPhase;
			buildActionMask = 2147483647;
			files = (
				C15CABC12B528957009A35B3 /* SwiftUI.framework in Frameworks */,
				C15CABBF2B528957009A35B3 /* WidgetKit.framework in Frameworks */,
			);
			runOnlyForDeploymentPostprocessing = 0;
		};
		C1BED66C2A3AF699007B6A5C /* Frameworks */ = {
			isa = PBXFrameworksBuildPhase;
			buildActionMask = 2147483647;
			files = (
				FFB88FA0CBDFF01ABAF394E3 /* Pods_Indieplus_Pohang.framework in Frameworks */,
			);
			runOnlyForDeploymentPostprocessing = 0;
		};
/* End PBXFrameworksBuildPhase section */

/* Begin PBXGroup section */
		C1217EC52A81ED9D005C4868 /* ViewModel */ = {
			isa = PBXGroup;
			children = (
				C186D1302A5560570063E6CE /* MoviePickerViewModel.swift */,
				C1B7F79B2A4EE1B4001F1BF9 /* TheaterManager.swift */,
				C12630AF2A48B75600F98E2A /* PosterViewModel.swift */,
				C1217EC92A821F5F005C4868 /* DatePickerViewModel.swift */,
				C1217ECE2A8C5678005C4868 /* LoadingWebViewModel.swift */,
				C1B130922AA0F20F00D39345 /* DailyReviewViewModel.swift */,
				C157600D2AEAEA590089FFE5 /* TimeTableModalModel.swift */,
			);
			path = ViewModel;
			sourceTree = "<group>";
		};
		C1217EC62A821042005C4868 /* MainFlow */ = {
			isa = PBXGroup;
			children = (
				C1BED6952A3E2651007B6A5C /* DatePickerView.swift */,
				C1BED6892A3C3CEA007B6A5C /* MoviePickerView.swift */,
			);
			path = MainFlow;
			sourceTree = "<group>";
		};
		C1217EC72A821130005C4868 /* Poster */ = {
			isa = PBXGroup;
			children = (
				C1BED6972A3E268C007B6A5C /* PosterView.swift */,
			);
			path = Poster;
			sourceTree = "<group>";
		};
		C1217EC82A82114A005C4868 /* SubPage */ = {
			isa = PBXGroup;
			children = (
				C1B7F7972A4D6D93001F1BF9 /* TheaterView.swift */,
				C1BED68D2A3D8209007B6A5C /* FastTicketingView.swift */,
				C1BED68B2A3CC663007B6A5C /* DailyReviewView.swift */,
				C1BED6912A3DCBB1007B6A5C /* BottomBarView.swift */,
				C1217ECC2A8C52D8005C4868 /* LoadingWebView.swift */,
				C19AFAFF2AE6AA410037A5F5 /* TimeTableModal.swift */,
				C15760112AED75D00089FFE5 /* SplashView.swift */,
			);
			path = SubPage;
			sourceTree = "<group>";
		};
		C15CABC22B528957009A35B3 /* TimetableWidget */ = {
			isa = PBXGroup;
			children = (
				C15CABC32B528957009A35B3 /* TimetableWidgetBundle.swift */,
				C15CABC52B528957009A35B3 /* TimetableWidget.swift */,
				C15CABC72B528958009A35B3 /* Assets.xcassets */,
				C15CABC92B528958009A35B3 /* Info.plist */,
			);
			path = TimetableWidget;
			sourceTree = "<group>";
		};
		C19604202B0656AD00432FC0 /* Utils */ = {
			isa = PBXGroup;
			children = (
				C19604212B0656D000432FC0 /* Constants.swift */,
			);
			path = Utils;
			sourceTree = "<group>";
		};
		C19AFB012AE6B0500037A5F5 /* DesignSystem */ = {
			isa = PBXGroup;
			children = (
				C19AFB022AE6B0CE0037A5F5 /* Font */,
			);
			path = DesignSystem;
			sourceTree = "<group>";
		};
		C19AFB022AE6B0CE0037A5F5 /* Font */ = {
			isa = PBXGroup;
			children = (
				C19AFB042AE6B0E90037A5F5 /* Pretendard-Black.otf */,
				C19AFB092AE6B0EA0037A5F5 /* Pretendard-Bold.otf */,
				C19AFB082AE6B0EA0037A5F5 /* Pretendard-ExtraBold.otf */,
				C19AFB032AE6B0E90037A5F5 /* Pretendard-ExtraLight.otf */,
				C19AFB0B2AE6B0EA0037A5F5 /* Pretendard-Light.otf */,
				C19AFB062AE6B0E90037A5F5 /* Pretendard-Medium.otf */,
				C19AFB0A2AE6B0EA0037A5F5 /* Pretendard-Regular.otf */,
				C19AFB052AE6B0E90037A5F5 /* Pretendard-SemiBold.otf */,
				C19AFB072AE6B0EA0037A5F5 /* Pretendard-Thin.otf */,
				C19AFB152AE6B0FB0037A5F5 /* FontsManager.swift */,
			);
			path = Font;
			sourceTree = "<group>";
		};
		C1BED6662A3AF699007B6A5C = {
			isa = PBXGroup;
			children = (
				C1BED6712A3AF699007B6A5C /* Indieplus_Pohang */,
				C15CABC22B528957009A35B3 /* TimetableWidget */,
				C1BED6702A3AF699007B6A5C /* Products */,
				CBFB92A660B0EF4FD21D884C /* Pods */,
				CAC9651096297022BEA23767 /* Frameworks */,
			);
			sourceTree = "<group>";
		};
		C1BED6702A3AF699007B6A5C /* Products */ = {
			isa = PBXGroup;
			children = (
				C1BED66F2A3AF699007B6A5C /* Indieplus_Pohang.app */,
				C15CABBD2B528957009A35B3 /* TimetableWidgetExtension.appex */,
			);
			name = Products;
			sourceTree = "<group>";
		};
		C1BED6712A3AF699007B6A5C /* Indieplus_Pohang */ = {
			isa = PBXGroup;
			children = (
				C19604202B0656AD00432FC0 /* Utils */,
				C19AFB012AE6B0500037A5F5 /* DesignSystem */,
				C1217ECB2A8C52A6005C4868 /* Indieplus-Pohang-Info.plist */,
				C1217EC52A81ED9D005C4868 /* ViewModel */,
				C1BED6862A3C2716007B6A5C /* Extension */,
				C1BED6822A3AF834007B6A5C /* Model */,
				C1BED6812A3AF827007B6A5C /* Resources */,
				C1BED6802A3AF820007B6A5C /* View */,
				C1BED6722A3AF699007B6A5C /* Indieplus_PohangApp.swift */,
				C1BED6742A3AF699007B6A5C /* ContentView.swift */,
				C1BED6762A3AF69A007B6A5C /* Assets.xcassets */,
				C1BED6782A3AF69A007B6A5C /* Preview Content */,
			);
			path = Indieplus_Pohang;
			sourceTree = "<group>";
		};
		C1BED6782A3AF69A007B6A5C /* Preview Content */ = {
			isa = PBXGroup;
			children = (
				C1BED6792A3AF69A007B6A5C /* Preview Assets.xcassets */,
			);
			path = "Preview Content";
			sourceTree = "<group>";
		};
		C1BED6802A3AF820007B6A5C /* View */ = {
			isa = PBXGroup;
			children = (
				C1217EC82A82114A005C4868 /* SubPage */,
				C1217EC72A821130005C4868 /* Poster */,
				C1217EC62A821042005C4868 /* MainFlow */,
				C1BED6842A3AFD93007B6A5C /* MainView.swift */,
			);
			path = View;
			sourceTree = "<group>";
		};
		C1BED6812A3AF827007B6A5C /* Resources */ = {
			isa = PBXGroup;
			children = (
				C12630AB2A471D0200F98E2A /* Review.swift */,
			);
			path = Resources;
			sourceTree = "<group>";
		};
		C1BED6822A3AF834007B6A5C /* Model */ = {
			isa = PBXGroup;
			children = (
				C1B7F79D2A4EF1F4001F1BF9 /* TheaterVO.swift */,
			);
			path = Model;
			sourceTree = "<group>";
		};
		C1BED6862A3C2716007B6A5C /* Extension */ = {
			isa = PBXGroup;
			children = (
				C1BED6872A3C2741007B6A5C /* Color+Extension.swift */,
				C1BED68F2A3D835A007B6A5C /* Shape+Extension.swift */,
			);
			path = Extension;
			sourceTree = "<group>";
		};
		CAC9651096297022BEA23767 /* Frameworks */ = {
			isa = PBXGroup;
			children = (
				F6D797F750EC5C4B499D4F1E /* Pods_Indieplus_Pohang.framework */,
				C15CABBE2B528957009A35B3 /* WidgetKit.framework */,
				C15CABC02B528957009A35B3 /* SwiftUI.framework */,
			);
			name = Frameworks;
			sourceTree = "<group>";
		};
		CBFB92A660B0EF4FD21D884C /* Pods */ = {
			isa = PBXGroup;
			children = (
				2F319E6930E28FB7A798DD6C /* Pods-Indieplus_Pohang.debug.xcconfig */,
				463E30FBC69F18F89F9B9DBD /* Pods-Indieplus_Pohang.release.xcconfig */,
			);
			path = Pods;
			sourceTree = "<group>";
		};
/* End PBXGroup section */

/* Begin PBXNativeTarget section */
		C15CABBC2B528957009A35B3 /* TimetableWidgetExtension */ = {
			isa = PBXNativeTarget;
			buildConfigurationList = C15CABD02B528958009A35B3 /* Build configuration list for PBXNativeTarget "TimetableWidgetExtension" */;
			buildPhases = (
				C15CABB92B528957009A35B3 /* Sources */,
				C15CABBA2B528957009A35B3 /* Frameworks */,
				C15CABBB2B528957009A35B3 /* Resources */,
			);
			buildRules = (
			);
			dependencies = (
			);
			name = TimetableWidgetExtension;
			productName = TimetableWidgetExtension;
			productReference = C15CABBD2B528957009A35B3 /* TimetableWidgetExtension.appex */;
			productType = "com.apple.product-type.app-extension";
		};
		C1BED66E2A3AF699007B6A5C /* Indieplus_Pohang */ = {
			isa = PBXNativeTarget;
			buildConfigurationList = C1BED67D2A3AF69A007B6A5C /* Build configuration list for PBXNativeTarget "Indieplus_Pohang" */;
			buildPhases = (
				84053CA5E61787316D158184 /* [CP] Check Pods Manifest.lock */,
				C1BED66B2A3AF699007B6A5C /* Sources */,
				C1BED66C2A3AF699007B6A5C /* Frameworks */,
				C1BED66D2A3AF699007B6A5C /* Resources */,
				627008A66D4EA36B80FE294D /* [CP] Embed Pods Frameworks */,
				C15CABCD2B528958009A35B3 /* Embed Foundation Extensions */,
			);
			buildRules = (
			);
			dependencies = (
				C15CABCB2B528958009A35B3 /* PBXTargetDependency */,
			);
			name = Indieplus_Pohang;
			productName = Indieplus_Pohang;
			productReference = C1BED66F2A3AF699007B6A5C /* Indieplus_Pohang.app */;
			productType = "com.apple.product-type.application";
		};
/* End PBXNativeTarget section */

/* Begin PBXProject section */
		C1BED6672A3AF699007B6A5C /* Project object */ = {
			isa = PBXProject;
			attributes = {
				BuildIndependentTargetsInParallel = 1;
				LastSwiftUpdateCheck = 1500;
				LastUpgradeCheck = 1420;
				TargetAttributes = {
					C15CABBC2B528957009A35B3 = {
						CreatedOnToolsVersion = 15.0;
					};
					C1BED66E2A3AF699007B6A5C = {
						CreatedOnToolsVersion = 14.2;
					};
				};
			};
			buildConfigurationList = C1BED66A2A3AF699007B6A5C /* Build configuration list for PBXProject "Indieplus_Pohang" */;
			compatibilityVersion = "Xcode 14.0";
			developmentRegion = en;
			hasScannedForEncodings = 0;
			knownRegions = (
				en,
				Base,
			);
			mainGroup = C1BED6662A3AF699007B6A5C;
			productRefGroup = C1BED6702A3AF699007B6A5C /* Products */;
			projectDirPath = "";
			projectRoot = "";
			targets = (
				C1BED66E2A3AF699007B6A5C /* Indieplus_Pohang */,
				C15CABBC2B528957009A35B3 /* TimetableWidgetExtension */,
			);
		};
/* End PBXProject section */

/* Begin PBXResourcesBuildPhase section */
		C15CABBB2B528957009A35B3 /* Resources */ = {
			isa = PBXResourcesBuildPhase;
			buildActionMask = 2147483647;
			files = (
				C15CABC82B528958009A35B3 /* Assets.xcassets in Resources */,
			);
			runOnlyForDeploymentPostprocessing = 0;
		};
		C1BED66D2A3AF699007B6A5C /* Resources */ = {
			isa = PBXResourcesBuildPhase;
			buildActionMask = 2147483647;
			files = (
				C19AFB0C2AE6B0EA0037A5F5 /* Pretendard-ExtraLight.otf in Resources */,
				C1BED67A2A3AF69A007B6A5C /* Preview Assets.xcassets in Resources */,
				C19AFB112AE6B0EA0037A5F5 /* Pretendard-ExtraBold.otf in Resources */,
				C19AFB102AE6B0EA0037A5F5 /* Pretendard-Thin.otf in Resources */,
				C19AFB0E2AE6B0EA0037A5F5 /* Pretendard-SemiBold.otf in Resources */,
				C19AFB142AE6B0EA0037A5F5 /* Pretendard-Light.otf in Resources */,
				C19AFB0D2AE6B0EA0037A5F5 /* Pretendard-Black.otf in Resources */,
				C1BED6772A3AF69A007B6A5C /* Assets.xcassets in Resources */,
				C19AFB132AE6B0EA0037A5F5 /* Pretendard-Regular.otf in Resources */,
				C19AFB122AE6B0EA0037A5F5 /* Pretendard-Bold.otf in Resources */,
				C19AFB0F2AE6B0EA0037A5F5 /* Pretendard-Medium.otf in Resources */,
			);
			runOnlyForDeploymentPostprocessing = 0;
		};
/* End PBXResourcesBuildPhase section */

/* Begin PBXShellScriptBuildPhase section */
		627008A66D4EA36B80FE294D /* [CP] Embed Pods Frameworks */ = {
			isa = PBXShellScriptBuildPhase;
			buildActionMask = 2147483647;
			files = (
			);
			inputFileListPaths = (
				"${PODS_ROOT}/Target Support Files/Pods-Indieplus_Pohang/Pods-Indieplus_Pohang-frameworks-${CONFIGURATION}-input-files.xcfilelist",
			);
			name = "[CP] Embed Pods Frameworks";
			outputFileListPaths = (
				"${PODS_ROOT}/Target Support Files/Pods-Indieplus_Pohang/Pods-Indieplus_Pohang-frameworks-${CONFIGURATION}-output-files.xcfilelist",
			);
			runOnlyForDeploymentPostprocessing = 0;
			shellPath = /bin/sh;
			shellScript = "\"${PODS_ROOT}/Target Support Files/Pods-Indieplus_Pohang/Pods-Indieplus_Pohang-frameworks.sh\"\n";
			showEnvVarsInLog = 0;
		};
		84053CA5E61787316D158184 /* [CP] Check Pods Manifest.lock */ = {
			isa = PBXShellScriptBuildPhase;
			buildActionMask = 2147483647;
			files = (
			);
			inputFileListPaths = (
			);
			inputPaths = (
				"${PODS_PODFILE_DIR_PATH}/Podfile.lock",
				"${PODS_ROOT}/Manifest.lock",
			);
			name = "[CP] Check Pods Manifest.lock";
			outputFileListPaths = (
			);
			outputPaths = (
				"$(DERIVED_FILE_DIR)/Pods-Indieplus_Pohang-checkManifestLockResult.txt",
			);
			runOnlyForDeploymentPostprocessing = 0;
			shellPath = /bin/sh;
			shellScript = "diff \"${PODS_PODFILE_DIR_PATH}/Podfile.lock\" \"${PODS_ROOT}/Manifest.lock\" > /dev/null\nif [ $? != 0 ] ; then\n    # print error to STDERR\n    echo \"error: The sandbox is not in sync with the Podfile.lock. Run 'pod install' or update your CocoaPods installation.\" >&2\n    exit 1\nfi\n# This output is used by Xcode 'outputs' to avoid re-running this script phase.\necho \"SUCCESS\" > \"${SCRIPT_OUTPUT_FILE_0}\"\n";
			showEnvVarsInLog = 0;
		};
/* End PBXShellScriptBuildPhase section */

/* Begin PBXSourcesBuildPhase section */
		C15CABB92B528957009A35B3 /* Sources */ = {
			isa = PBXSourcesBuildPhase;
			buildActionMask = 2147483647;
			files = (
				C15CABC42B528957009A35B3 /* TimetableWidgetBundle.swift in Sources */,
				C15CABC62B528957009A35B3 /* TimetableWidget.swift in Sources */,
			);
			runOnlyForDeploymentPostprocessing = 0;
		};
		C1BED66B2A3AF699007B6A5C /* Sources */ = {
			isa = PBXSourcesBuildPhase;
			buildActionMask = 2147483647;
			files = (
				C1B130932AA0F20F00D39345 /* DailyReviewViewModel.swift in Sources */,
				C1B7F7842A497299001F1BF9 /* PosterView.swift in Sources */,
				C19AFB002AE6AA410037A5F5 /* TimeTableModal.swift in Sources */,
				C1BED6922A3DCBB1007B6A5C /* BottomBarView.swift in Sources */,
				C1B7F7982A4D6D93001F1BF9 /* TheaterView.swift in Sources */,
				C1B7F7832A497294001F1BF9 /* MoviePickerView.swift in Sources */,
				C15760122AED75D00089FFE5 /* SplashView.swift in Sources */,
				C19604222B0656D000432FC0 /* Constants.swift in Sources */,
				C1BED6752A3AF699007B6A5C /* ContentView.swift in Sources */,
				C1217ECF2A8C5678005C4868 /* LoadingWebViewModel.swift in Sources */,
				C186D1312A5560570063E6CE /* MoviePickerViewModel.swift in Sources */,
				C12630B02A48B75600F98E2A /* PosterViewModel.swift in Sources */,
				C1B7F79C2A4EE1B4001F1BF9 /* TheaterManager.swift in Sources */,
				C1B7F7852A4972B5001F1BF9 /* Color+Extension.swift in Sources */,
				C1BED6962A3E2651007B6A5C /* DatePickerView.swift in Sources */,
				C1217ECA2A821F5F005C4868 /* DatePickerViewModel.swift in Sources */,
				C1BED68E2A3D8209007B6A5C /* FastTicketingView.swift in Sources */,
				C19AFB162AE6B0FB0037A5F5 /* FontsManager.swift in Sources */,
				C1B7F7862A4972B7001F1BF9 /* Shape+Extension.swift in Sources */,
				C1217ECD2A8C52D8005C4868 /* LoadingWebView.swift in Sources */,
				C1BED6852A3AFD93007B6A5C /* MainView.swift in Sources */,
				C1B7F79E2A4EF1F4001F1BF9 /* TheaterVO.swift in Sources */,
				C1BED68C2A3CC663007B6A5C /* DailyReviewView.swift in Sources */,
				C1BED6732A3AF699007B6A5C /* Indieplus_PohangApp.swift in Sources */,
				C12630AC2A471D0200F98E2A /* Review.swift in Sources */,
				C157600E2AEAEA590089FFE5 /* TimeTableModalModel.swift in Sources */,
			);
			runOnlyForDeploymentPostprocessing = 0;
		};
/* End PBXSourcesBuildPhase section */

/* Begin PBXTargetDependency section */
		C15CABCB2B528958009A35B3 /* PBXTargetDependency */ = {
			isa = PBXTargetDependency;
			target = C15CABBC2B528957009A35B3 /* TimetableWidgetExtension */;
			targetProxy = C15CABCA2B528958009A35B3 /* PBXContainerItemProxy */;
		};
/* End PBXTargetDependency section */

/* Begin XCBuildConfiguration section */
		C15CABCE2B528958009A35B3 /* Debug */ = {
			isa = XCBuildConfiguration;
			buildSettings = {
				ASSETCATALOG_COMPILER_GENERATE_SWIFT_ASSET_SYMBOL_EXTENSIONS = YES;
				ASSETCATALOG_COMPILER_GLOBAL_ACCENT_COLOR_NAME = AccentColor;
				ASSETCATALOG_COMPILER_WIDGET_BACKGROUND_COLOR_NAME = WidgetBackground;
				CODE_SIGN_STYLE = Automatic;
				CURRENT_PROJECT_VERSION = 1;
				DEVELOPMENT_TEAM = XF4GNZL7MP;
				ENABLE_USER_SCRIPT_SANDBOXING = YES;
				GCC_C_LANGUAGE_STANDARD = gnu17;
				GENERATE_INFOPLIST_FILE = YES;
				INFOPLIST_FILE = TimetableWidget/Info.plist;
				INFOPLIST_KEY_CFBundleDisplayName = TimetableWidget;
				INFOPLIST_KEY_NSHumanReadableCopyright = "";
				IPHONEOS_DEPLOYMENT_TARGET = 17.0;
				LD_RUNPATH_SEARCH_PATHS = (
					"$(inherited)",
					"@executable_path/Frameworks",
					"@executable_path/../../Frameworks",
				);
				LOCALIZATION_PREFERS_STRING_CATALOGS = YES;
				MARKETING_VERSION = 1.0;
				PRODUCT_BUNDLE_IDENTIFIER = "GYURI-PARK.Indieplus-Pohang.TimetableWidget";
				PRODUCT_NAME = "$(TARGET_NAME)";
				SKIP_INSTALL = YES;
				SWIFT_ACTIVE_COMPILATION_CONDITIONS = "DEBUG $(inherited)";
				SWIFT_EMIT_LOC_STRINGS = YES;
				SWIFT_VERSION = 5.0;
				TARGETED_DEVICE_FAMILY = "1,2";
			};
			name = Debug;
		};
		C15CABCF2B528958009A35B3 /* Release */ = {
			isa = XCBuildConfiguration;
			buildSettings = {
				ASSETCATALOG_COMPILER_GENERATE_SWIFT_ASSET_SYMBOL_EXTENSIONS = YES;
				ASSETCATALOG_COMPILER_GLOBAL_ACCENT_COLOR_NAME = AccentColor;
				ASSETCATALOG_COMPILER_WIDGET_BACKGROUND_COLOR_NAME = WidgetBackground;
				CODE_SIGN_STYLE = Automatic;
				CURRENT_PROJECT_VERSION = 1;
				DEVELOPMENT_TEAM = XF4GNZL7MP;
				ENABLE_USER_SCRIPT_SANDBOXING = YES;
				GCC_C_LANGUAGE_STANDARD = gnu17;
				GENERATE_INFOPLIST_FILE = YES;
				INFOPLIST_FILE = TimetableWidget/Info.plist;
				INFOPLIST_KEY_CFBundleDisplayName = TimetableWidget;
				INFOPLIST_KEY_NSHumanReadableCopyright = "";
				IPHONEOS_DEPLOYMENT_TARGET = 17.0;
				LD_RUNPATH_SEARCH_PATHS = (
					"$(inherited)",
					"@executable_path/Frameworks",
					"@executable_path/../../Frameworks",
				);
				LOCALIZATION_PREFERS_STRING_CATALOGS = YES;
				MARKETING_VERSION = 1.0;
				PRODUCT_BUNDLE_IDENTIFIER = "GYURI-PARK.Indieplus-Pohang.TimetableWidget";
				PRODUCT_NAME = "$(TARGET_NAME)";
				SKIP_INSTALL = YES;
				SWIFT_EMIT_LOC_STRINGS = YES;
				SWIFT_VERSION = 5.0;
				TARGETED_DEVICE_FAMILY = "1,2";
			};
			name = Release;
		};
		C1BED67B2A3AF69A007B6A5C /* Debug */ = {
			isa = XCBuildConfiguration;
			buildSettings = {
				ALWAYS_SEARCH_USER_PATHS = NO;
				CLANG_ANALYZER_NONNULL = YES;
				CLANG_ANALYZER_NUMBER_OBJECT_CONVERSION = YES_AGGRESSIVE;
				CLANG_CXX_LANGUAGE_STANDARD = "gnu++20";
				CLANG_ENABLE_MODULES = YES;
				CLANG_ENABLE_OBJC_ARC = YES;
				CLANG_ENABLE_OBJC_WEAK = YES;
				CLANG_WARN_BLOCK_CAPTURE_AUTORELEASING = YES;
				CLANG_WARN_BOOL_CONVERSION = YES;
				CLANG_WARN_COMMA = YES;
				CLANG_WARN_CONSTANT_CONVERSION = YES;
				CLANG_WARN_DEPRECATED_OBJC_IMPLEMENTATIONS = YES;
				CLANG_WARN_DIRECT_OBJC_ISA_USAGE = YES_ERROR;
				CLANG_WARN_DOCUMENTATION_COMMENTS = YES;
				CLANG_WARN_EMPTY_BODY = YES;
				CLANG_WARN_ENUM_CONVERSION = YES;
				CLANG_WARN_INFINITE_RECURSION = YES;
				CLANG_WARN_INT_CONVERSION = YES;
				CLANG_WARN_NON_LITERAL_NULL_CONVERSION = YES;
				CLANG_WARN_OBJC_IMPLICIT_RETAIN_SELF = YES;
				CLANG_WARN_OBJC_LITERAL_CONVERSION = YES;
				CLANG_WARN_OBJC_ROOT_CLASS = YES_ERROR;
				CLANG_WARN_QUOTED_INCLUDE_IN_FRAMEWORK_HEADER = YES;
				CLANG_WARN_RANGE_LOOP_ANALYSIS = YES;
				CLANG_WARN_STRICT_PROTOTYPES = YES;
				CLANG_WARN_SUSPICIOUS_MOVE = YES;
				CLANG_WARN_UNGUARDED_AVAILABILITY = YES_AGGRESSIVE;
				CLANG_WARN_UNREACHABLE_CODE = YES;
				CLANG_WARN__DUPLICATE_METHOD_MATCH = YES;
				COPY_PHASE_STRIP = NO;
				DEBUG_INFORMATION_FORMAT = dwarf;
				ENABLE_STRICT_OBJC_MSGSEND = YES;
				ENABLE_TESTABILITY = YES;
				GCC_C_LANGUAGE_STANDARD = gnu11;
				GCC_DYNAMIC_NO_PIC = NO;
				GCC_NO_COMMON_BLOCKS = YES;
				GCC_OPTIMIZATION_LEVEL = 0;
				GCC_PREPROCESSOR_DEFINITIONS = (
					"DEBUG=1",
					"$(inherited)",
				);
				GCC_WARN_64_TO_32_BIT_CONVERSION = YES;
				GCC_WARN_ABOUT_RETURN_TYPE = YES_ERROR;
				GCC_WARN_UNDECLARED_SELECTOR = YES;
				GCC_WARN_UNINITIALIZED_AUTOS = YES_AGGRESSIVE;
				GCC_WARN_UNUSED_FUNCTION = YES;
				GCC_WARN_UNUSED_VARIABLE = YES;
				IPHONEOS_DEPLOYMENT_TARGET = 16.2;
				MTL_ENABLE_DEBUG_INFO = INCLUDE_SOURCE;
				MTL_FAST_MATH = YES;
				ONLY_ACTIVE_ARCH = YES;
				SDKROOT = iphoneos;
				SWIFT_ACTIVE_COMPILATION_CONDITIONS = DEBUG;
				SWIFT_OPTIMIZATION_LEVEL = "-Onone";
			};
			name = Debug;
		};
		C1BED67C2A3AF69A007B6A5C /* Release */ = {
			isa = XCBuildConfiguration;
			buildSettings = {
				ALWAYS_SEARCH_USER_PATHS = NO;
				CLANG_ANALYZER_NONNULL = YES;
				CLANG_ANALYZER_NUMBER_OBJECT_CONVERSION = YES_AGGRESSIVE;
				CLANG_CXX_LANGUAGE_STANDARD = "gnu++20";
				CLANG_ENABLE_MODULES = YES;
				CLANG_ENABLE_OBJC_ARC = YES;
				CLANG_ENABLE_OBJC_WEAK = YES;
				CLANG_WARN_BLOCK_CAPTURE_AUTORELEASING = YES;
				CLANG_WARN_BOOL_CONVERSION = YES;
				CLANG_WARN_COMMA = YES;
				CLANG_WARN_CONSTANT_CONVERSION = YES;
				CLANG_WARN_DEPRECATED_OBJC_IMPLEMENTATIONS = YES;
				CLANG_WARN_DIRECT_OBJC_ISA_USAGE = YES_ERROR;
				CLANG_WARN_DOCUMENTATION_COMMENTS = YES;
				CLANG_WARN_EMPTY_BODY = YES;
				CLANG_WARN_ENUM_CONVERSION = YES;
				CLANG_WARN_INFINITE_RECURSION = YES;
				CLANG_WARN_INT_CONVERSION = YES;
				CLANG_WARN_NON_LITERAL_NULL_CONVERSION = YES;
				CLANG_WARN_OBJC_IMPLICIT_RETAIN_SELF = YES;
				CLANG_WARN_OBJC_LITERAL_CONVERSION = YES;
				CLANG_WARN_OBJC_ROOT_CLASS = YES_ERROR;
				CLANG_WARN_QUOTED_INCLUDE_IN_FRAMEWORK_HEADER = YES;
				CLANG_WARN_RANGE_LOOP_ANALYSIS = YES;
				CLANG_WARN_STRICT_PROTOTYPES = YES;
				CLANG_WARN_SUSPICIOUS_MOVE = YES;
				CLANG_WARN_UNGUARDED_AVAILABILITY = YES_AGGRESSIVE;
				CLANG_WARN_UNREACHABLE_CODE = YES;
				CLANG_WARN__DUPLICATE_METHOD_MATCH = YES;
				COPY_PHASE_STRIP = NO;
				DEBUG_INFORMATION_FORMAT = "dwarf-with-dsym";
				ENABLE_NS_ASSERTIONS = NO;
				ENABLE_STRICT_OBJC_MSGSEND = YES;
				GCC_C_LANGUAGE_STANDARD = gnu11;
				GCC_NO_COMMON_BLOCKS = YES;
				GCC_WARN_64_TO_32_BIT_CONVERSION = YES;
				GCC_WARN_ABOUT_RETURN_TYPE = YES_ERROR;
				GCC_WARN_UNDECLARED_SELECTOR = YES;
				GCC_WARN_UNINITIALIZED_AUTOS = YES_AGGRESSIVE;
				GCC_WARN_UNUSED_FUNCTION = YES;
				GCC_WARN_UNUSED_VARIABLE = YES;
				IPHONEOS_DEPLOYMENT_TARGET = 16.2;
				MTL_ENABLE_DEBUG_INFO = NO;
				MTL_FAST_MATH = YES;
				SDKROOT = iphoneos;
				SWIFT_COMPILATION_MODE = wholemodule;
				SWIFT_OPTIMIZATION_LEVEL = "-O";
				VALIDATE_PRODUCT = YES;
			};
			name = Release;
		};
		C1BED67E2A3AF69A007B6A5C /* Debug */ = {
			isa = XCBuildConfiguration;
			baseConfigurationReference = 2F319E6930E28FB7A798DD6C /* Pods-Indieplus_Pohang.debug.xcconfig */;
			buildSettings = {
				ALWAYS_EMBED_SWIFT_STANDARD_LIBRARIES = YES;
				ASSETCATALOG_COMPILER_APPICON_NAME = AppIcon;
				ASSETCATALOG_COMPILER_GLOBAL_ACCENT_COLOR_NAME = AccentColor;
				CODE_SIGN_STYLE = Automatic;
				CURRENT_PROJECT_VERSION = 1;
				DEVELOPMENT_ASSET_PATHS = "\"Indieplus_Pohang/Preview Content\"";
				DEVELOPMENT_TEAM = XF4GNZL7MP;
				ENABLE_PREVIEWS = YES;
				GENERATE_INFOPLIST_FILE = YES;
				INFOPLIST_FILE = "Indieplus-Pohang-Info.plist";
				INFOPLIST_KEY_UIApplicationSceneManifest_Generation = YES;
				INFOPLIST_KEY_UIApplicationSupportsIndirectInputEvents = YES;
				INFOPLIST_KEY_UILaunchScreen_Generation = YES;
				INFOPLIST_KEY_UISupportedInterfaceOrientations_iPad = "UIInterfaceOrientationPortrait UIInterfaceOrientationPortraitUpsideDown UIInterfaceOrientationLandscapeLeft UIInterfaceOrientationLandscapeRight";
				INFOPLIST_KEY_UISupportedInterfaceOrientations_iPhone = "UIInterfaceOrientationPortrait UIInterfaceOrientationLandscapeLeft UIInterfaceOrientationLandscapeRight";
				LD_RUNPATH_SEARCH_PATHS = (
					"$(inherited)",
					"@executable_path/Frameworks",
				);
				MARKETING_VERSION = 1.0;
				PRODUCT_BUNDLE_IDENTIFIER = "GYURI-PARK.Indieplus-Pohang";
				PRODUCT_NAME = "$(TARGET_NAME)";
				SWIFT_EMIT_LOC_STRINGS = YES;
				SWIFT_VERSION = 5.0;
				TARGETED_DEVICE_FAMILY = "1,2";
			};
			name = Debug;
		};
		C1BED67F2A3AF69A007B6A5C /* Release */ = {
			isa = XCBuildConfiguration;
			baseConfigurationReference = 463E30FBC69F18F89F9B9DBD /* Pods-Indieplus_Pohang.release.xcconfig */;
			buildSettings = {
				ALWAYS_EMBED_SWIFT_STANDARD_LIBRARIES = YES;
				ASSETCATALOG_COMPILER_APPICON_NAME = AppIcon;
				ASSETCATALOG_COMPILER_GLOBAL_ACCENT_COLOR_NAME = AccentColor;
				CODE_SIGN_STYLE = Automatic;
				CURRENT_PROJECT_VERSION = 1;
				DEVELOPMENT_ASSET_PATHS = "\"Indieplus_Pohang/Preview Content\"";
				DEVELOPMENT_TEAM = XF4GNZL7MP;
				ENABLE_PREVIEWS = YES;
				GENERATE_INFOPLIST_FILE = YES;
				INFOPLIST_FILE = "Indieplus-Pohang-Info.plist";
				INFOPLIST_KEY_UIApplicationSceneManifest_Generation = YES;
				INFOPLIST_KEY_UIApplicationSupportsIndirectInputEvents = YES;
				INFOPLIST_KEY_UILaunchScreen_Generation = YES;
				INFOPLIST_KEY_UISupportedInterfaceOrientations_iPad = "UIInterfaceOrientationPortrait UIInterfaceOrientationPortraitUpsideDown UIInterfaceOrientationLandscapeLeft UIInterfaceOrientationLandscapeRight";
				INFOPLIST_KEY_UISupportedInterfaceOrientations_iPhone = "UIInterfaceOrientationPortrait UIInterfaceOrientationLandscapeLeft UIInterfaceOrientationLandscapeRight";
				LD_RUNPATH_SEARCH_PATHS = (
					"$(inherited)",
					"@executable_path/Frameworks",
				);
				MARKETING_VERSION = 1.0;
				PRODUCT_BUNDLE_IDENTIFIER = "GYURI-PARK.Indieplus-Pohang";
				PRODUCT_NAME = "$(TARGET_NAME)";
				SWIFT_EMIT_LOC_STRINGS = YES;
				SWIFT_VERSION = 5.0;
				TARGETED_DEVICE_FAMILY = "1,2";
			};
			name = Release;
		};
/* End XCBuildConfiguration section */

/* Begin XCConfigurationList section */
		C15CABD02B528958009A35B3 /* Build configuration list for PBXNativeTarget "TimetableWidgetExtension" */ = {
			isa = XCConfigurationList;
			buildConfigurations = (
				C15CABCE2B528958009A35B3 /* Debug */,
				C15CABCF2B528958009A35B3 /* Release */,
			);
			defaultConfigurationIsVisible = 0;
			defaultConfigurationName = Release;
		};
		C1BED66A2A3AF699007B6A5C /* Build configuration list for PBXProject "Indieplus_Pohang" */ = {
			isa = XCConfigurationList;
			buildConfigurations = (
				C1BED67B2A3AF69A007B6A5C /* Debug */,
				C1BED67C2A3AF69A007B6A5C /* Release */,
			);
			defaultConfigurationIsVisible = 0;
			defaultConfigurationName = Release;
		};
		C1BED67D2A3AF69A007B6A5C /* Build configuration list for PBXNativeTarget "Indieplus_Pohang" */ = {
			isa = XCConfigurationList;
			buildConfigurations = (
				C1BED67E2A3AF69A007B6A5C /* Debug */,
				C1BED67F2A3AF69A007B6A5C /* Release */,
			);
			defaultConfigurationIsVisible = 0;
			defaultConfigurationName = Release;
		};
/* End XCConfigurationList section */
	};
	rootObject = C1BED6672A3AF699007B6A5C /* Project object */;
}
